
Microsoft Visual Studio Solution File, Format Version 12.00
# Visual Studio 15
Project("{FAE04EC0-301F-11D3-BF4B-00C04F79EFBC}") = "Assembly-CSharp", "Assembly-CSharp.csproj", "{7F4B8E87-765C-2297-A283-0741FD867299}"
EndProject
Project("{FAE04EC0-301F-11D3-BF4B-00C04F79EFBC}") = "LiteNetLib", "LiteNetLib.csproj", "{5E9EA570-89CB-20B9-1BB4-352A94E7BA24}"
EndProject
Project("{FAE04EC0-301F-11D3-BF4B-00C04F79EFBC}") = "Assembly-CSharp-Editor", "Assembly-CSharp-Editor.csproj", "{0AE81365-14BB-4745-2B1B-2CFFB9B6A642}"
EndProject
Global
	GlobalSection(SolutionConfigurationPlatforms) = preSolution
		Debug|Any CPU = Debug|Any CPU
		Release|Any CPU = Release|Any CPU
	EndGlobalSection
	GlobalSection(ProjectConfigurationPlatforms) = postSolution
		{7F4B8E87-765C-2297-A283-0741FD867299}.Debug|Any CPU.ActiveCfg = Debug|Any CPU
		{7F4B8E87-765C-2297-A283-0741FD867299}.Debug|Any CPU.Build.0 = Debug|Any CPU
		{7F4B8E87-765C-2297-A283-0741FD867299}.Release|Any CPU.ActiveCfg = Release|Any CPU
		{7F4B8E87-765C-2297-A283-0741FD867299}.Release|Any CPU.Build.0 = Release|Any CPU
		{5E9EA570-89CB-20B9-1BB4-352A94E7BA24}.Debug|Any CPU.ActiveCfg = Debug|Any CPU
		{5E9EA570-89CB-20B9-1BB4-352A94E7BA24}.Debug|Any CPU.Build.0 = Debug|Any CPU
		{5E9EA570-89CB-20B9-1BB4-352A94E7BA24}.Release|Any CPU.ActiveCfg = Release|Any CPU
		{5E9EA570-89CB-20B9-1BB4-352A94E7BA24}.Release|Any CPU.Build.0 = Release|Any CPU
		{0AE81365-14BB-4745-2B1B-2CFFB9B6A642}.Debug|Any CPU.ActiveCfg = Debug|Any CPU
		{0AE81365-14BB-4745-2B1B-2CFFB9B6A642}.Debug|Any CPU.Build.0 = Debug|Any CPU
		{0AE81365-14BB-4745-2B1B-2CFFB9B6A642}.Release|Any CPU.ActiveCfg = Release|Any CPU
		{0AE81365-14BB-4745-2B1B-2CFFB9B6A642}.Release|Any CPU.Build.0 = Release|Any CPU
	EndGlobalSection
	GlobalSection(SolutionProperties) = preSolution
		HideSolutionNode = FALSE
	EndGlobalSection
EndGlobal
