
Microsoft Visual Studio Solution File, Format Version 12.00
# Visual Studio Version 17
VisualStudioVersion = 17.3.32819.101
MinimumVisualStudioVersion = 10.0.40219.1
Project("{FAE04EC0-301F-11D3-BF4B-00C04F79EFBC}") = "TTT.Server", "TTT.Server\TTT.Server.csproj", "{D50BDE6A-B00F-4C79-B82B-3002E9D2BBD5}"
EndProject
Global
	GlobalSection(SolutionConfigurationPlatforms) = preSolution
		Debug|Any CPU = Debug|Any CPU
		Release|Any CPU = Release|Any CPU
	EndGlobalSection
	GlobalSection(ProjectConfigurationPlatforms) = postSolution
		{D50BDE6A-B00F-4C79-B82B-3002E9D2BBD5}.Debug|Any CPU.ActiveCfg = Debug|Any CPU
		{D50BDE6A-B00F-4C79-B82B-3002E9D2BBD5}.Debug|Any CPU.Build.0 = Debug|Any CPU
		{D50BDE6A-B00F-4C79-B82B-3002E9D2BBD5}.Release|Any CPU.ActiveCfg = Release|Any CPU
		{D50BDE6A-B00F-4C79-B82B-3002E9D2BBD5}.Release|Any CPU.Build.0 = Release|Any CPU
	EndGlobalSection
	GlobalSection(SolutionProperties) = preSolution
		HideSolutionNode = FALSE
	EndGlobalSection
	GlobalSection(ExtensibilityGlobals) = postSolution
		SolutionGuid = {767710E9-8B6C-4E85-964B-3D5165063643}
	EndGlobalSection
EndGlobal
